
Microsoft Visual Studio Solution File, Format Version 12.00
# Visual Studio Version 17
VisualStudioVersion = 17.5.33424.131
MinimumVisualStudioVersion = 10.0.40219.1
Project("{FAE04EC0-301F-11D3-BF4B-00C04F79EFBC}") = "Calculator", "Calculator\Calculator.csproj", "{E018DD42-F65B-45D1-9280-989A57CB85F4}"
EndProject
Project("{FAE04EC0-301F-11D3-BF4B-00C04F79EFBC}") = "Calculator.Tests", "Calculator.Tests\Calculator.Tests.csproj", "{0FBACB42-C767-4EC3-93C7-23C70B85FB26}"
EndProject
Global
	GlobalSection(SolutionConfigurationPlatforms) = preSolution
		Debug|Any CPU = Debug|Any CPU
		Release|Any CPU = Release|Any CPU
	EndGlobalSection
	GlobalSection(ProjectConfigurationPlatforms) = postSolution
		{E018DD42-F65B-45D1-9280-989A57CB85F4}.Debug|Any CPU.ActiveCfg = Debug|Any CPU
		{E018DD42-F65B-45D1-9280-989A57CB85F4}.Debug|Any CPU.Build.0 = Debug|Any CPU
		{E018DD42-F65B-45D1-9280-989A57CB85F4}.Release|Any CPU.ActiveCfg = Release|Any CPU
		{E018DD42-F65B-45D1-9280-989A57CB85F4}.Release|Any CPU.Build.0 = Release|Any CPU
		{0FBACB42-C767-4EC3-93C7-23C70B85FB26}.Debug|Any CPU.ActiveCfg = Debug|Any CPU
		{0FBACB42-C767-4EC3-93C7-23C70B85FB26}.Debug|Any CPU.Build.0 = Debug|Any CPU
		{0FBACB42-C767-4EC3-93C7-23C70B85FB26}.Release|Any CPU.ActiveCfg = Release|Any CPU
		{0FBACB42-C767-4EC3-93C7-23C70B85FB26}.Release|Any CPU.Build.0 = Release|Any CPU
	EndGlobalSection
	GlobalSection(SolutionProperties) = preSolution
		HideSolutionNode = FALSE
	EndGlobalSection
	GlobalSection(ExtensibilityGlobals) = postSolution
		SolutionGuid = {73A60D86-5204-4F38-A6EA-C982232BEF67}
	EndGlobalSection
EndGlobal
